
Microsoft Visual Studio Solution File, Format Version 12.00
# Visual Studio Version 17
VisualStudioVersion = 17.2.32602.215
MinimumVisualStudioVersion = 10.0.40219.1
Project("{FAE04EC0-301F-11D3-BF4B-00C04F79EFBC}") = "homework_2 (25.06.2022)", "homework_2 (25.06.2022).csproj", "{92B7064C-C7EA-4C1F-8447-2407F5954816}"
EndProject
Global
	GlobalSection(SolutionConfigurationPlatforms) = preSolution
		Debug|Any CPU = Debug|Any CPU
		Release|Any CPU = Release|Any CPU
	EndGlobalSection
	GlobalSection(ProjectConfigurationPlatforms) = postSolution
		{92B7064C-C7EA-4C1F-8447-2407F5954816}.Debug|Any CPU.ActiveCfg = Debug|Any CPU
		{92B7064C-C7EA-4C1F-8447-2407F5954816}.Debug|Any CPU.Build.0 = Debug|Any CPU
		{92B7064C-C7EA-4C1F-8447-2407F5954816}.Release|Any CPU.ActiveCfg = Release|Any CPU
		{92B7064C-C7EA-4C1F-8447-2407F5954816}.Release|Any CPU.Build.0 = Release|Any CPU
	EndGlobalSection
	GlobalSection(SolutionProperties) = preSolution
		HideSolutionNode = FALSE
	EndGlobalSection
	GlobalSection(ExtensibilityGlobals) = postSolution
		SolutionGuid = {37653F39-DF0E-4462-89E1-BD09B71B6E18}
	EndGlobalSection
EndGlobal
