
Microsoft Visual Studio Solution File, Format Version 12.00
# Visual Studio Version 17
VisualStudioVersion = 17.2.32602.215
MinimumVisualStudioVersion = 10.0.40219.1
Project("{FAE04EC0-301F-11D3-BF4B-00C04F79EFBC}") = "homework_6 (23.07.2022)", "homework_6 (23.07.2022).csproj", "{EC257046-8FDF-48F6-8C02-69B01D7EE3CA}"
EndProject
Global
	GlobalSection(SolutionConfigurationPlatforms) = preSolution
		Debug|Any CPU = Debug|Any CPU
		Release|Any CPU = Release|Any CPU
	EndGlobalSection
	GlobalSection(ProjectConfigurationPlatforms) = postSolution
		{EC257046-8FDF-48F6-8C02-69B01D7EE3CA}.Debug|Any CPU.ActiveCfg = Debug|Any CPU
		{EC257046-8FDF-48F6-8C02-69B01D7EE3CA}.Debug|Any CPU.Build.0 = Debug|Any CPU
		{EC257046-8FDF-48F6-8C02-69B01D7EE3CA}.Release|Any CPU.ActiveCfg = Release|Any CPU
		{EC257046-8FDF-48F6-8C02-69B01D7EE3CA}.Release|Any CPU.Build.0 = Release|Any CPU
	EndGlobalSection
	GlobalSection(SolutionProperties) = preSolution
		HideSolutionNode = FALSE
	EndGlobalSection
	GlobalSection(ExtensibilityGlobals) = postSolution
		SolutionGuid = {55E234D5-3276-4B24-ABAD-D378C7A2C027}
	EndGlobalSection
EndGlobal
